
Microsoft Visual Studio Solution File, Format Version 12.00
# Visual Studio Version 17
VisualStudioVersion = 17.5.33516.290
MinimumVisualStudioVersion = 10.0.40219.1
Project("{FAE04EC0-301F-11D3-BF4B-00C04F79EFBC}") = "Task_1", "Task_1\Task_1.csproj", "{26F5781A-574A-4ABF-A1DA-5E8086FB9A83}"
EndProject
Project("{FAE04EC0-301F-11D3-BF4B-00C04F79EFBC}") = "Task_2", "Task_2\Task_2.csproj", "{2941BDE1-43C0-4A77-A596-4023D2AA8480}"
EndProject
Project("{FAE04EC0-301F-11D3-BF4B-00C04F79EFBC}") = "Task_4", "Task_4\Task_4.csproj", "{DD5E3354-F9E4-4A15-B8BD-52A182046501}"
EndProject
Global
	GlobalSection(SolutionConfigurationPlatforms) = preSolution
		Debug|Any CPU = Debug|Any CPU
		Release|Any CPU = Release|Any CPU
	EndGlobalSection
	GlobalSection(ProjectConfigurationPlatforms) = postSolution
		{26F5781A-574A-4ABF-A1DA-5E8086FB9A83}.Debug|Any CPU.ActiveCfg = Debug|Any CPU
		{26F5781A-574A-4ABF-A1DA-5E8086FB9A83}.Debug|Any CPU.Build.0 = Debug|Any CPU
		{26F5781A-574A-4ABF-A1DA-5E8086FB9A83}.Release|Any CPU.ActiveCfg = Release|Any CPU
		{26F5781A-574A-4ABF-A1DA-5E8086FB9A83}.Release|Any CPU.Build.0 = Release|Any CPU
		{2941BDE1-43C0-4A77-A596-4023D2AA8480}.Debug|Any CPU.ActiveCfg = Debug|Any CPU
		{2941BDE1-43C0-4A77-A596-4023D2AA8480}.Debug|Any CPU.Build.0 = Debug|Any CPU
		{2941BDE1-43C0-4A77-A596-4023D2AA8480}.Release|Any CPU.ActiveCfg = Release|Any CPU
		{2941BDE1-43C0-4A77-A596-4023D2AA8480}.Release|Any CPU.Build.0 = Release|Any CPU
		{DD5E3354-F9E4-4A15-B8BD-52A182046501}.Debug|Any CPU.ActiveCfg = Debug|Any CPU
		{DD5E3354-F9E4-4A15-B8BD-52A182046501}.Debug|Any CPU.Build.0 = Debug|Any CPU
		{DD5E3354-F9E4-4A15-B8BD-52A182046501}.Release|Any CPU.ActiveCfg = Release|Any CPU
		{DD5E3354-F9E4-4A15-B8BD-52A182046501}.Release|Any CPU.Build.0 = Release|Any CPU
	EndGlobalSection
	GlobalSection(SolutionProperties) = preSolution
		HideSolutionNode = FALSE
	EndGlobalSection
	GlobalSection(ExtensibilityGlobals) = postSolution
		SolutionGuid = {B2E953E9-42C5-4E7F-9865-1F0A01D43775}
	EndGlobalSection
EndGlobal
